Microsoft Visual Studio Solution File, Format Version 12.00
# Visual Studio Version 17
VisualStudioVersion = 17.5.2.0
MinimumVisualStudioVersion = 10.0.40219.1
Project("{FAE04EC0-301F-11D3-BF4B-00C04F79EFBC}") = "SportManager", "SportManager\SportManager.csproj", "{DC33B657-F429-CBBE-E662-9057BD14FACE}"
EndProject
Global
	GlobalSection(SolutionConfigurationPlatforms) = preSolution
		Debug|Any CPU = Debug|Any CPU
		Release|Any CPU = Release|Any CPU
	EndGlobalSection
	GlobalSection(ProjectConfigurationPlatforms) = postSolution
		{DC33B657-F429-CBBE-E662-9057BD14FACE}.Debug|Any CPU.ActiveCfg = Debug|Any CPU
		{DC33B657-F429-CBBE-E662-9057BD14FACE}.Debug|Any CPU.Build.0 = Debug|Any CPU
		{DC33B657-F429-CBBE-E662-9057BD14FACE}.Release|Any CPU.ActiveCfg = Release|Any CPU
		{DC33B657-F429-CBBE-E662-9057BD14FACE}.Release|Any CPU.Build.0 = Release|Any CPU
	EndGlobalSection
	GlobalSection(SolutionProperties) = preSolution
		HideSolutionNode = FALSE
	EndGlobalSection
	GlobalSection(ExtensibilityGlobals) = postSolution
		SolutionGuid = {5B842561-35CD-4F6B-A41F-318DEA50C7AC}
	EndGlobalSection
EndGlobal
